
Microsoft Visual Studio Solution File, Format Version 12.00
# Visual Studio Version 16
VisualStudioVersion = 16.0.32428.217
MinimumVisualStudioVersion = 10.0.40219.1
Project("{FAE04EC0-301F-11D3-BF4B-00C04F79EFBC}") = "Desafio1", "Desafio1\Desafio1.csproj", "{8746D274-DF68-445F-93F5-4058889597DB}"
EndProject
Global
	GlobalSection(SolutionConfigurationPlatforms) = preSolution
		Debug|Any CPU = Debug|Any CPU
		Release|Any CPU = Release|Any CPU
	EndGlobalSection
	GlobalSection(ProjectConfigurationPlatforms) = postSolution
		{8746D274-DF68-445F-93F5-4058889597DB}.Debug|Any CPU.ActiveCfg = Debug|Any CPU
		{8746D274-DF68-445F-93F5-4058889597DB}.Debug|Any CPU.Build.0 = Debug|Any CPU
		{8746D274-DF68-445F-93F5-4058889597DB}.Release|Any CPU.ActiveCfg = Release|Any CPU
		{8746D274-DF68-445F-93F5-4058889597DB}.Release|Any CPU.Build.0 = Release|Any CPU
	EndGlobalSection
	GlobalSection(SolutionProperties) = preSolution
		HideSolutionNode = FALSE
	EndGlobalSection
	GlobalSection(ExtensibilityGlobals) = postSolution
		SolutionGuid = {2EF20A19-90C6-4C61-AB2C-A32EEB03B7D5}
	EndGlobalSection
EndGlobal
